
Microsoft Visual Studio Solution File, Format Version 12.00
Project("{FAE04EC0-301F-11D3-BF4B-00C04F79EFBC}") = "AoC 25", "AoC 25.csproj", "{5E244D76-25C4-4F70-9343-AE8BDF3A9FBD}"
EndProject
Global
	GlobalSection(SolutionConfigurationPlatforms) = preSolution
		Debug|Any CPU = Debug|Any CPU
		Release|Any CPU = Release|Any CPU
	EndGlobalSection
	GlobalSection(ProjectConfigurationPlatforms) = postSolution
		{5E244D76-25C4-4F70-9343-AE8BDF3A9FBD}.Debug|Any CPU.ActiveCfg = Debug|Any CPU
		{5E244D76-25C4-4F70-9343-AE8BDF3A9FBD}.Debug|Any CPU.Build.0 = Debug|Any CPU
		{5E244D76-25C4-4F70-9343-AE8BDF3A9FBD}.Release|Any CPU.ActiveCfg = Release|Any CPU
		{5E244D76-25C4-4F70-9343-AE8BDF3A9FBD}.Release|Any CPU.Build.0 = Release|Any CPU
	EndGlobalSection
EndGlobal
